<?xml version="1.0" encoding="utf-8"?>
<Project ToolsVersion="4.0" xmlns="http://schemas.microsoft.com/developer/msbuild/2003">
  <ItemGroup>
    <Filter Include="Source Files">
      <UniqueIdentifier>{4FC737F1-C7A5-4376-A066-2A32D752A2FF}</UniqueIdentifier>
      <Extensions>cpp;c;cc;cxx;def;odl;idl;hpj;bat;asm;asmx</Extensions>
    </Filter>
    <Filter Include="Header Files">
      <UniqueIdentifier>{93995380-89BD-4b04-88EB-625FBE52EBFB}</UniqueIdentifier>
      <Extensions>h;hh;hpp;hxx;hm;inl;inc;ipp;xsd</Extensions>
    </Filter>
    <Filter Include="Resource Files">
      <UniqueIdentifier>{67DA6AB6-F800-4c08-8B7A-83BB121AAD01}</UniqueIdentifier>
      <Extensions>rc;ico;cur;bmp;dlg;rc2;rct;bin;rgs;gif;jpg;jpeg;jpe;resx;tiff;tif;png;wav;mfcribbon-ms</Extensions>
    </Filter>
    <Filter Include="Allocators">
      <UniqueIdentifier>{31d0aba7-e363-4c88-a1b7-b744968ea0ea}</UniqueIdentifier>
    </Filter>
    <Filter Include="Allocators\SLAB">
      <UniqueIdentifier>{f64eac13-1497-4f62-8143-e0f9e5a32cfc}</UniqueIdentifier>
    </Filter>
    <Filter Include="Allocators\SLAB\Header Files">
      <UniqueIdentifier>{b4a34e7d-8bbe-406b-a26c-8816fd8f97c5}</UniqueIdentifier>
    </Filter>
    <Filter Include="Allocators\SLAB\Source Files">
      <UniqueIdentifier>{cc971047-f9a2-4629-ad2c-b3c7859c2262}</UniqueIdentifier>
    </Filter>
    <Filter Include="Allocators\Buddy">
      <UniqueIdentifier>{a9e610b1-46bc-4273-ae01-27f9e8f063b1}</UniqueIdentifier>
    </Filter>
    <Filter Include="Allocators\Buddy\Header Files">
      <UniqueIdentifier>{12d7c042-3e01-4805-9156-4dbc7d9553c7}</UniqueIdentifier>
    </Filter>
    <Filter Include="Allocators\Buddy\Source Files">
      <UniqueIdentifier>{8c80a44d-1fec-4240-91fa-9e36d69da63c}</UniqueIdentifier>
    </Filter>
    <Filter Include="Allocators\Header Files">
      <UniqueIdentifier>{6af2062e-acd3-4a47-b6e9-b83f93acce2f}</UniqueIdentifier>
    </Filter>
    <Filter Include="Allocators\Source Files">
      <UniqueIdentifier>{3f6d4e50-e66e-48d9-adb8-9c7ce6f27ae5}</UniqueIdentifier>
    </Filter>
  </ItemGroup>
  <ItemGroup>
    <ClCompile Include="Main.cpp">
      <Filter>Source Files</Filter>
    </ClCompile>
    <ClCompile Include="GarbageCollector.cpp">
      <Filter>Source Files</Filter>
    </ClCompile>
    <ClCompile Include="Allocator.cpp">
      <Filter>Source Files</Filter>
    </ClCompile>
    <ClCompile Include="Object.cpp">
      <Filter>Source Files</Filter>
    </ClCompile>
    <ClCompile Include="StopAndCopySweepMark.cpp">
      <Filter>Source Files</Filter>
    </ClCompile>
    <ClCompile Include="Allocators\SLAB\SmallObject.cpp">
      <Filter>Allocators\SLAB\Source Files</Filter>
    </ClCompile>
    <ClCompile Include="Allocators\SLAB\SmallObjectAllocator.cpp">
      <Filter>Allocators\SLAB\Source Files</Filter>
    </ClCompile>
    <ClCompile Include="Allocators\SLAB\Chunk.cpp">
      <Filter>Allocators\SLAB\Source Files</Filter>
    </ClCompile>
    <ClCompile Include="Allocators\SLAB\FixedAllocator.cpp">
      <Filter>Allocators\SLAB\Source Files</Filter>
    </ClCompile>
    <ClCompile Include="Allocators\Buddy\BuddyAllocator.cpp">
      <Filter>Allocators\Buddy\Source Files</Filter>
    </ClCompile>
    <ClCompile Include="Allocators\Buddy\BuddyAllocatorObject.cpp">
      <Filter>Allocators\Buddy\Source Files</Filter>
    </ClCompile>
    <ClCompile Include="Allocators\FastLogarithm.cpp">
      <Filter>Allocators\Source Files</Filter>
    </ClCompile>
  </ItemGroup>
  <ItemGroup>
    <ClInclude Include="GarbageCollector.h">
      <Filter>Header Files</Filter>
    </ClInclude>
    <ClInclude Include="Allocator.h">
      <Filter>Header Files</Filter>
    </ClInclude>
    <ClInclude Include="SharedHandler.h">
      <Filter>Header Files</Filter>
    </ClInclude>
    <ClInclude Include="Object.h">
      <Filter>Header Files</Filter>
    </ClInclude>
    <ClInclude Include="StopAndCopySweepMark.h">
      <Filter>Header Files</Filter>
    </ClInclude>
    <ClInclude Include="UniqueHandler.h">
      <Filter>Header Files</Filter>
    </ClInclude>
    <ClInclude Include="Allocators\SLAB\Chunk.h">
      <Filter>Allocators\SLAB\Header Files</Filter>
    </ClInclude>
    <ClInclude Include="Allocators\SLAB\FixedAllocator.h">
      <Filter>Allocators\SLAB\Header Files</Filter>
    </ClInclude>
    <ClInclude Include="Allocators\SLAB\SmallObject.h">
      <Filter>Allocators\SLAB\Header Files</Filter>
    </ClInclude>
    <ClInclude Include="Allocators\SLAB\SmallObjectAllocator.h">
      <Filter>Allocators\SLAB\Header Files</Filter>
    </ClInclude>
    <ClInclude Include="Allocators\Buddy\BuddyAllocator.h">
      <Filter>Allocators\Buddy\Header Files</Filter>
    </ClInclude>
    <ClInclude Include="Allocators\Buddy\BuddyAllocatorObject.h">
      <Filter>Allocators\Buddy\Header Files</Filter>
    </ClInclude>
    <ClInclude Include="Allocators\FastLogarithm.h">
      <Filter>Allocators\Header Files</Filter>
    </ClInclude>
  </ItemGroup>
</Project>